schema: '2.0'
stages:
  data_ingestion:
    cmd: py -m src.repoRatePred.pipeline.stage_01_data_ingestion_pipeline
    deps:
    - path: src/repoRatePred/components/data_ingestion.py
      hash: md5
      md5: 03687064283bc3ed21d579a6415d5db0
      size: 974
    - path: src/repoRatePred/pipeline/stage_01_data_ingestion_pipeline.py
      hash: md5
      md5: 4c2893f1ef45369576aa04bb9a17f246
      size: 755
    params:
      config/config.yaml:
        data_ingestion:
          root_dir: artifacts/data_ingestion
          local_data_file_path: artifacts/data_ingestion/dataset.csv
          source_url: raw_data/finalRepoRate.csv
  data_validation:
    cmd: py -m src.repoRatePred.pipeline.stage_02_data_validation_pipeline
    deps:
    - path: src/repoRatePred/components/data_validation.py
      hash: md5
      md5: 2c3f46243392662c6c2bc3bf0e253c4b
      size: 1123
    - path: src/repoRatePred/pipeline/stage_02_data_validation_pipeline.py
      hash: md5
      md5: b1db1926ef4d838fd3cee71fc95204c9
      size: 996
    params:
      config/config.yaml:
        data_validation:
          root_dir: artifacts/data_validation
          dataset_file_path: artifacts/data_ingestion/dataset.csv
          validation_status_file_path: artifacts/data_validation/status.txt
      schema.yaml:
        columns:
          Date: object
          GoldPrice: float64
          BankRate: float64
          CrudeOilRate: float64
          RepoRate: float64
          UsdInr: float64
        targer_colunm: RepoRate
    outs:
    - path: artifacts/data_validation/status.txt
      hash: md5
      md5: f827cf462f62848df37c5e1e94a4da74
      size: 4
